
Microsoft Visual Studio Solution File, Format Version 12.00
# Visual Studio Version 17
VisualStudioVersion = 17.6.33723.286
MinimumVisualStudioVersion = 10.0.40219.1
Project("{FAE04EC0-301F-11D3-BF4B-00C04F79EFBC}") = "Lesson11_UnT", "Lesson11_UnT\Lesson11_UnT.csproj", "{4D3FA78D-722D-4DC9-894A-3109DD1D349F}"
EndProject
Project("{FAE04EC0-301F-11D3-BF4B-00C04F79EFBC}") = "CalcTest", "CalcTest\CalcTest.csproj", "{4E133EB4-7592-459B-8689-C8700F9D232C}"
	ProjectSection(ProjectDependencies) = postProject
		{4D3FA78D-722D-4DC9-894A-3109DD1D349F} = {4D3FA78D-722D-4DC9-894A-3109DD1D349F}
	EndProjectSection
EndProject
Global
	GlobalSection(SolutionConfigurationPlatforms) = preSolution
		Debug|Any CPU = Debug|Any CPU
		Release|Any CPU = Release|Any CPU
	EndGlobalSection
	GlobalSection(ProjectConfigurationPlatforms) = postSolution
		{4D3FA78D-722D-4DC9-894A-3109DD1D349F}.Debug|Any CPU.ActiveCfg = Debug|Any CPU
		{4D3FA78D-722D-4DC9-894A-3109DD1D349F}.Debug|Any CPU.Build.0 = Debug|Any CPU
		{4D3FA78D-722D-4DC9-894A-3109DD1D349F}.Release|Any CPU.ActiveCfg = Release|Any CPU
		{4D3FA78D-722D-4DC9-894A-3109DD1D349F}.Release|Any CPU.Build.0 = Release|Any CPU
		{4E133EB4-7592-459B-8689-C8700F9D232C}.Debug|Any CPU.ActiveCfg = Debug|Any CPU
		{4E133EB4-7592-459B-8689-C8700F9D232C}.Debug|Any CPU.Build.0 = Debug|Any CPU
		{4E133EB4-7592-459B-8689-C8700F9D232C}.Release|Any CPU.ActiveCfg = Release|Any CPU
		{4E133EB4-7592-459B-8689-C8700F9D232C}.Release|Any CPU.Build.0 = Release|Any CPU
	EndGlobalSection
	GlobalSection(SolutionProperties) = preSolution
		HideSolutionNode = FALSE
	EndGlobalSection
	GlobalSection(ExtensibilityGlobals) = postSolution
		SolutionGuid = {7AF71E25-5926-4F0C-8A7F-79EADF958344}
	EndGlobalSection
EndGlobal
